
Microsoft Visual Studio Solution File, Format Version 12.00
# Visual Studio Version 16
VisualStudioVersion = 16.0.31424.327
MinimumVisualStudioVersion = 10.0.40219.1
Project("{FAE04EC0-301F-11D3-BF4B-00C04F79EFBC}") = "FactoryPattern", "FactoryPattern\FactoryPattern.csproj", "{529174BA-43F9-4629-9A13-7DF76183CB15}"
EndProject
Global
	GlobalSection(SolutionConfigurationPlatforms) = preSolution
		Debug|Any CPU = Debug|Any CPU
		Release|Any CPU = Release|Any CPU
	EndGlobalSection
	GlobalSection(ProjectConfigurationPlatforms) = postSolution
		{529174BA-43F9-4629-9A13-7DF76183CB15}.Debug|Any CPU.ActiveCfg = Debug|Any CPU
		{529174BA-43F9-4629-9A13-7DF76183CB15}.Debug|Any CPU.Build.0 = Debug|Any CPU
		{529174BA-43F9-4629-9A13-7DF76183CB15}.Release|Any CPU.ActiveCfg = Release|Any CPU
		{529174BA-43F9-4629-9A13-7DF76183CB15}.Release|Any CPU.Build.0 = Release|Any CPU
	EndGlobalSection
	GlobalSection(SolutionProperties) = preSolution
		HideSolutionNode = FALSE
	EndGlobalSection
	GlobalSection(ExtensibilityGlobals) = postSolution
		SolutionGuid = {3BC3C751-3BA8-4B50-9C1B-138F0A3B4323}
	EndGlobalSection
EndGlobal
